// !$*UTF8*$!
{
	archiveVersion = 1;
	classes = {
	};
	objectVersion = 50;
	objects = {

/* Begin PBXBuildFile section */
		9031240323E391710022BC20 /* AppDelegate.swift in Sources */ = {isa = PBXBuildFile; fileRef = 9031240223E391710022BC20 /* AppDelegate.swift */; };
		9031240523E391710022BC20 /* SceneDelegate.swift in Sources */ = {isa = PBXBuildFile; fileRef = 9031240423E391710022BC20 /* SceneDelegate.swift */; };
		9031240723E391710022BC20 /* ViewController.swift in Sources */ = {isa = PBXBuildFile; fileRef = 9031240623E391710022BC20 /* ViewController.swift */; };
		9031240A23E391710022BC20 /* Main.storyboard in Resources */ = {isa = PBXBuildFile; fileRef = 9031240823E391710022BC20 /* Main.storyboard */; };
		9031240C23E391760022BC20 /* Assets.xcassets in Resources */ = {isa = PBXBuildFile; fileRef = 9031240B23E391760022BC20 /* Assets.xcassets */; };
		9031240F23E391760022BC20 /* LaunchScreen.storyboard in Resources */ = {isa = PBXBuildFile; fileRef = 9031240D23E391760022BC20 /* LaunchScreen.storyboard */; };
		9031241A23E391760022BC20 /* SwiftDelegateProtocolTests.swift in Sources */ = {isa = PBXBuildFile; fileRef = 9031241923E391760022BC20 /* SwiftDelegateProtocolTests.swift */; };
/* End PBXBuildFile section */

/* Begin PBXContainerItemProxy section */
		9031241623E391760022BC20 /* PBXContainerItemProxy */ = {
			isa = PBXContainerItemProxy;
			containerPortal = 903123F723E391710022BC20 /* Project object */;
			proxyType = 1;
			remoteGlobalIDString = 903123FE23E391710022BC20;
			remoteInfo = SwiftDelegateProtocol;
		};
/* End PBXContainerItemProxy section */

/* Begin PBXFileReference section */
		903123FF23E391710022BC20 /* SwiftDelegateProtocol.app */ = {isa = PBXFileReference; explicitFileType = wrapper.application; includeInIndex = 0; path = SwiftDelegateProtocol.app; sourceTree = BUILT_PRODUCTS_DIR; };
		9031240223E391710022BC20 /* AppDelegate.swift */ = {isa = PBXFileReference; lastKnownFileType = sourcecode.swift; path = AppDelegate.swift; sourceTree = "<group>"; };
		9031240423E391710022BC20 /* SceneDelegate.swift */ = {isa = PBXFileReference; lastKnownFileType = sourcecode.swift; path = SceneDelegate.swift; sourceTree = "<group>"; };
		9031240623E391710022BC20 /* ViewController.swift */ = {isa = PBXFileReference; lastKnownFileType = sourcecode.swift; path = ViewController.swift; sourceTree = "<group>"; };
		9031240923E391710022BC20 /* Base */ = {isa = PBXFileReference; lastKnownFileType = file.storyboard; name = Base; path = Base.lproj/Main.storyboard; sourceTree = "<group>"; };
		9031240B23E391760022BC20 /* Assets.xcassets */ = {isa = PBXFileReference; lastKnownFileType = folder.assetcatalog; path = Assets.xcassets; sourceTree = "<group>"; };
		9031240E23E391760022BC20 /* Base */ = {isa = PBXFileReference; lastKnownFileType = file.storyboard; name = Base; path = Base.lproj/LaunchScreen.storyboard; sourceTree = "<group>"; };
		9031241023E391760022BC20 /* Info.plist */ = {isa = PBXFileReference; lastKnownFileType = text.plist.xml; path = Info.plist; sourceTree = "<group>"; };
		9031241523E391760022BC20 /* SwiftDelegateProtocolTests.xctest */ = {isa = PBXFileReference; explicitFileType = wrapper.cfbundle; includeInIndex = 0; path = SwiftDelegateProtocolTests.xctest; sourceTree = BUILT_PRODUCTS_DIR; };
		9031241923E391760022BC20 /* SwiftDelegateProtocolTests.swift */ = {isa = PBXFileReference; lastKnownFileType = sourcecode.swift; path = SwiftDelegateProtocolTests.swift; sourceTree = "<group>"; };
		9031241B23E391760022BC20 /* Info.plist */ = {isa = PBXFileReference; lastKnownFileType = text.plist.xml; path = Info.plist; sourceTree = "<group>"; };
/* End PBXFileReference section */

/* Begin PBXFrameworksBuildPhase section */
		903123FC23E391710022BC20 /* Frameworks */ = {
			isa = PBXFrameworksBuildPhase;
			buildActionMask = 2147483647;
			files = (
			);
			runOnlyForDeploymentPostprocessing = 0;
		};
		9031241223E391760022BC20 /* Frameworks */ = {
			isa = PBXFrameworksBuildPhase;
			buildActionMask = 2147483647;
			files = (
			);
			runOnlyForDeploymentPostprocessing = 0;
		};
/* End PBXFrameworksBuildPhase section */

/* Begin PBXGroup section */
		903123F623E391710022BC20 = {
			isa = PBXGroup;
			children = (
				9031240123E391710022BC20 /* SwiftDelegateProtocol */,
				9031241823E391760022BC20 /* SwiftDelegateProtocolTests */,
				9031240023E391710022BC20 /* Products */,
			);
			sourceTree = "<group>";
		};
		9031240023E391710022BC20 /* Products */ = {
			isa = PBXGroup;
			children = (
				903123FF23E391710022BC20 /* SwiftDelegateProtocol.app */,
				9031241523E391760022BC20 /* SwiftDelegateProtocolTests.xctest */,
			);
			name = Products;
			sourceTree = "<group>";
		};
		9031240123E391710022BC20 /* SwiftDelegateProtocol */ = {
			isa = PBXGroup;
			children = (
				9031240223E391710022BC20 /* AppDelegate.swift */,
				9031240423E391710022BC20 /* SceneDelegate.swift */,
				9031240623E391710022BC20 /* ViewController.swift */,
				9031240823E391710022BC20 /* Main.storyboard */,
				9031240B23E391760022BC20 /* Assets.xcassets */,
				9031240D23E391760022BC20 /* LaunchScreen.storyboard */,
				9031241023E391760022BC20 /* Info.plist */,
			);
			path = SwiftDelegateProtocol;
			sourceTree = "<group>";
		};
		9031241823E391760022BC20 /* SwiftDelegateProtocolTests */ = {
			isa = PBXGroup;
			children = (
				9031241923E391760022BC20 /* SwiftDelegateProtocolTests.swift */,
				9031241B23E391760022BC20 /* Info.plist */,
			);
			path = SwiftDelegateProtocolTests;
			sourceTree = "<group>";
		};
/* End PBXGroup section */

/* Begin PBXNativeTarget section */
		903123FE23E391710022BC20 /* SwiftDelegateProtocol */ = {
			isa = PBXNativeTarget;
			buildConfigurationList = 9031241E23E391760022BC20 /* Build configuration list for PBXNativeTarget "SwiftDelegateProtocol" */;
			buildPhases = (
				903123FB23E391710022BC20 /* Sources */,
				903123FC23E391710022BC20 /* Frameworks */,
				903123FD23E391710022BC20 /* Resources */,
			);
			buildRules = (
			);
			dependencies = (
			);
			name = SwiftDelegateProtocol;
			productName = SwiftDelegateProtocol;
			productReference = 903123FF23E391710022BC20 /* SwiftDelegateProtocol.app */;
			productType = "com.apple.product-type.application";
		};
		9031241423E391760022BC20 /* SwiftDelegateProtocolTests */ = {
			isa = PBXNativeTarget;
			buildConfigurationList = 9031242123E391760022BC20 /* Build configuration list for PBXNativeTarget "SwiftDelegateProtocolTests" */;
			buildPhases = (
				9031241123E391760022BC20 /* Sources */,
				9031241223E391760022BC20 /* Frameworks */,
				9031241323E391760022BC20 /* Resources */,
			);
			buildRules = (
			);
			dependencies = (
				9031241723E391760022BC20 /* PBXTargetDependency */,
			);
			name = SwiftDelegateProtocolTests;
			productName = SwiftDelegateProtocolTests;
			productReference = 9031241523E391760022BC20 /* SwiftDelegateProtocolTests.xctest */;
			productType = "com.apple.product-type.bundle.unit-test";
		};
/* End PBXNativeTarget section */

/* Begin PBXProject section */
		903123F723E391710022BC20 /* Project object */ = {
			isa = PBXProject;
			attributes = {
				LastSwiftUpdateCheck = 1110;
				LastUpgradeCheck = 1110;
				ORGANIZATIONNAME = "Greg Hughes";
				TargetAttributes = {
					903123FE23E391710022BC20 = {
						CreatedOnToolsVersion = 11.1;
					};
					9031241423E391760022BC20 = {
						CreatedOnToolsVersion = 11.1;
						TestTargetID = 903123FE23E391710022BC20;
					};
				};
			};
			buildConfigurationList = 903123FA23E391710022BC20 /* Build configuration list for PBXProject "SwiftDelegateProtocol" */;
			compatibilityVersion = "Xcode 9.3";
			developmentRegion = en;
			hasScannedForEncodings = 0;
			knownRegions = (
				en,
				Base,
			);
			mainGroup = 903123F623E391710022BC20;
			productRefGroup = 9031240023E391710022BC20 /* Products */;
			projectDirPath = "";
			projectRoot = "";
			targets = (
				903123FE23E391710022BC20 /* SwiftDelegateProtocol */,
				9031241423E391760022BC20 /* SwiftDelegateProtocolTests */,
			);
		};
/* End PBXProject section */

/* Begin PBXResourcesBuildPhase section */
		903123FD23E391710022BC20 /* Resources */ = {
			isa = PBXResourcesBuildPhase;
			buildActionMask = 2147483647;
			files = (
				9031240F23E391760022BC20 /* LaunchScreen.storyboard in Resources */,
				9031240C23E391760022BC20 /* Assets.xcassets in Resources */,
				9031240A23E391710022BC20 /* Main.storyboard in Resources */,
			);
			runOnlyForDeploymentPostprocessing = 0;
		};
		9031241323E391760022BC20 /* Resources */ = {
			isa = PBXResourcesBuildPhase;
			buildActionMask = 2147483647;
			files = (
			);
			runOnlyForDeploymentPostprocessing = 0;
		};
/* End PBXResourcesBuildPhase section */

/* Begin PBXSourcesBuildPhase section */
		903123FB23E391710022BC20 /* Sources */ = {
			isa = PBXSourcesBuildPhase;
			buildActionMask = 2147483647;
			files = (
				9031240723E391710022BC20 /* ViewController.swift in Sources */,
				9031240323E391710022BC20 /* AppDelegate.swift in Sources */,
				9031240523E391710022BC20 /* SceneDelegate.swift in Sources */,
			);
			runOnlyForDeploymentPostprocessing = 0;
		};
		9031241123E391760022BC20 /* Sources */ = {
			isa = PBXSourcesBuildPhase;
			buildActionMask = 2147483647;
			files = (
				9031241A23E391760022BC20 /* SwiftDelegateProtocolTests.swift in Sources */,
			);
			runOnlyForDeploymentPostprocessing = 0;
		};
/* End PBXSourcesBuildPhase section */

/* Begin PBXTargetDependency section */
		9031241723E391760022BC20 /* PBXTargetDependency */ = {
			isa = PBXTargetDependency;
			target = 903123FE23E391710022BC20 /* SwiftDelegateProtocol */;
			targetProxy = 9031241623E391760022BC20 /* PBXContainerItemProxy */;
		};
/* End PBXTargetDependency section */

/* Begin PBXVariantGroup section */
		9031240823E391710022BC20 /* Main.storyboard */ = {
			isa = PBXVariantGroup;
			children = (
				9031240923E391710022BC20 /* Base */,
			);
			name = Main.storyboard;
			sourceTree = "<group>";
		};
		9031240D23E391760022BC20 /* LaunchScreen.storyboard */ = {
			isa = PBXVariantGroup;
			children = (
				9031240E23E391760022BC20 /* Base */,
			);
			name = LaunchScreen.storyboard;
			sourceTree = "<group>";
		};
/* End PBXVariantGroup section */

/* Begin XCBuildConfiguration section */
		9031241C23E391760022BC20 /* Debug */ = {
			isa = XCBuildConfiguration;
			buildSettings = {
				ALWAYS_SEARCH_USER_PATHS = NO;
				CLANG_ANALYZER_NONNULL = YES;
				CLANG_ANALYZER_NUMBER_OBJECT_CONVERSION = YES_AGGRESSIVE;
				CLANG_CXX_LANGUAGE_STANDARD = "gnu++14";
				CLANG_CXX_LIBRARY = "libc++";
				CLANG_ENABLE_MODULES = YES;
				CLANG_ENABLE_OBJC_ARC = YES;
				CLANG_ENABLE_OBJC_WEAK = YES;
				CLANG_WARN_BLOCK_CAPTURE_AUTORELEASING = YES;
				CLANG_WARN_BOOL_CONVERSION = YES;
				CLANG_WARN_COMMA = YES;
				CLANG_WARN_CONSTANT_CONVERSION = YES;
				CLANG_WARN_DEPRECATED_OBJC_IMPLEMENTATIONS = YES;
				CLANG_WARN_DIRECT_OBJC_ISA_USAGE = YES_ERROR;
				CLANG_WARN_DOCUMENTATION_COMMENTS = YES;
				CLANG_WARN_EMPTY_BODY = YES;
				CLANG_WARN_ENUM_CONVERSION = YES;
				CLANG_WARN_INFINITE_RECURSION = YES;
				CLANG_WARN_INT_CONVERSION = YES;
				CLANG_WARN_NON_LITERAL_NULL_CONVERSION = YES;
				CLANG_WARN_OBJC_IMPLICIT_RETAIN_SELF = YES;
				CLANG_WARN_OBJC_LITERAL_CONVERSION = YES;
				CLANG_WARN_OBJC_ROOT_CLASS = YES_ERROR;
				CLANG_WARN_RANGE_LOOP_ANALYSIS = YES;
				CLANG_WARN_STRICT_PROTOTYPES = YES;
				CLANG_WARN_SUSPICIOUS_MOVE = YES;
				CLANG_WARN_UNGUARDED_AVAILABILITY = YES_AGGRESSIVE;
				CLANG_WARN_UNREACHABLE_CODE = YES;
				CLANG_WARN__DUPLICATE_METHOD_MATCH = YES;
				COPY_PHASE_STRIP = NO;
				DEBUG_INFORMATION_FORMAT = dwarf;
				ENABLE_STRICT_OBJC_MSGSEND = YES;
				ENABLE_TESTABILITY = YES;
				GCC_C_LANGUAGE_STANDARD = gnu11;
				GCC_DYNAMIC_NO_PIC = NO;
				GCC_NO_COMMON_BLOCKS = YES;
				GCC_OPTIMIZATION_LEVEL = 0;
				GCC_PREPROCESSOR_DEFINITIONS = (
					"DEBUG=1",
					"$(inherited)",
				);
				GCC_WARN_64_TO_32_BIT_CONVERSION = YES;
				GCC_WARN_ABOUT_RETURN_TYPE = YES_ERROR;
				GCC_WARN_UNDECLARED_SELECTOR = YES;
				GCC_WARN_UNINITIALIZED_AUTOS = YES_AGGRESSIVE;
				GCC_WARN_UNUSED_FUNCTION = YES;
				GCC_WARN_UNUSED_VARIABLE = YES;
				IPHONEOS_DEPLOYMENT_TARGET = 13.1;
				MTL_ENABLE_DEBUG_INFO = INCLUDE_SOURCE;
				MTL_FAST_MATH = YES;
				ONLY_ACTIVE_ARCH = YES;
				SDKROOT = iphoneos;
				SWIFT_ACTIVE_COMPILATION_CONDITIONS = DEBUG;
				SWIFT_OPTIMIZATION_LEVEL = "-Onone";
			};
			name = Debug;
		};
		9031241D23E391760022BC20 /* Release */ = {
			isa = XCBuildConfiguration;
			buildSettings = {
				ALWAYS_SEARCH_USER_PATHS = NO;
				CLANG_ANALYZER_NONNULL = YES;
				CLANG_ANALYZER_NUMBER_OBJECT_CONVERSION = YES_AGGRESSIVE;
				CLANG_CXX_LANGUAGE_STANDARD = "gnu++14";
				CLANG_CXX_LIBRARY = "libc++";
				CLANG_ENABLE_MODULES = YES;
				CLANG_ENABLE_OBJC_ARC = YES;
				CLANG_ENABLE_OBJC_WEAK = YES;
				CLANG_WARN_BLOCK_CAPTURE_AUTORELEASING = YES;
				CLANG_WARN_BOOL_CONVERSION = YES;
				CLANG_WARN_COMMA = YES;
				CLANG_WARN_CONSTANT_CONVERSION = YES;
				CLANG_WARN_DEPRECATED_OBJC_IMPLEMENTATIONS = YES;
				CLANG_WARN_DIRECT_OBJC_ISA_USAGE = YES_ERROR;
				CLANG_WARN_DOCUMENTATION_COMMENTS = YES;
				CLANG_WARN_EMPTY_BODY = YES;
				CLANG_WARN_ENUM_CONVERSION = YES;
				CLANG_WARN_INFINITE_RECURSION = YES;
				CLANG_WARN_INT_CONVERSION = YES;
				CLANG_WARN_NON_LITERAL_NULL_CONVERSION = YES;
				CLANG_WARN_OBJC_IMPLICIT_RETAIN_SELF = YES;
				CLANG_WARN_OBJC_LITERAL_CONVERSION = YES;
				CLANG_WARN_OBJC_ROOT_CLASS = YES_ERROR;
				CLANG_WARN_RANGE_LOOP_ANALYSIS = YES;
				CLANG_WARN_STRICT_PROTOTYPES = YES;
				CLANG_WARN_SUSPICIOUS_MOVE = YES;
				CLANG_WARN_UNGUARDED_AVAILABILITY = YES_AGGRESSIVE;
				CLANG_WARN_UNREACHABLE_CODE = YES;
				CLANG_WARN__DUPLICATE_METHOD_MATCH = YES;
				COPY_PHASE_STRIP = NO;
				DEBUG_INFORMATION_FORMAT = "dwarf-with-dsym";
				ENABLE_NS_ASSERTIONS = NO;
				ENABLE_STRICT_OBJC_MSGSEND = YES;
				GCC_C_LANGUAGE_STANDARD = gnu11;
				GCC_NO_COMMON_BLOCKS = YES;
				GCC_WARN_64_TO_32_BIT_CONVERSION = YES;
				GCC_WARN_ABOUT_RETURN_TYPE = YES_ERROR;
				GCC_WARN_UNDECLARED_SELECTOR = YES;
				GCC_WARN_UNINITIALIZED_AUTOS = YES_AGGRESSIVE;
				GCC_WARN_UNUSED_FUNCTION = YES;
				GCC_WARN_UNUSED_VARIABLE = YES;
				IPHONEOS_DEPLOYMENT_TARGET = 13.1;
				MTL_ENABLE_DEBUG_INFO = NO;
				MTL_FAST_MATH = YES;
				SDKROOT = iphoneos;
				SWIFT_COMPILATION_MODE = wholemodule;
				SWIFT_OPTIMIZATION_LEVEL = "-O";
				VALIDATE_PRODUCT = YES;
			};
			name = Release;
		};
		9031241F23E391760022BC20 /* Debug */ = {
			isa = XCBuildConfiguration;
			buildSettings = {
				ASSETCATALOG_COMPILER_APPICON_NAME = AppIcon;
				CODE_SIGN_STYLE = Automatic;
				DEVELOPMENT_TEAM = 57FTCZV5HS;
				INFOPLIST_FILE = SwiftDelegateProtocol/Info.plist;
				LD_RUNPATH_SEARCH_PATHS = (
					"$(inherited)",
					"@executable_path/Frameworks",
				);
				PRODUCT_BUNDLE_IDENTIFIER = com.greghughes.SwiftDelegateProtocol;
				PRODUCT_NAME = "$(TARGET_NAME)";
				SWIFT_VERSION = 5.0;
				TARGETED_DEVICE_FAMILY = "1,2";
			};
			name = Debug;
		};
		9031242023E391760022BC20 /* Release */ = {
			isa = XCBuildConfiguration;
			buildSettings = {
				ASSETCATALOG_COMPILER_APPICON_NAME = AppIcon;
				CODE_SIGN_STYLE = Automatic;
				DEVELOPMENT_TEAM = 57FTCZV5HS;
				INFOPLIST_FILE = SwiftDelegateProtocol/Info.plist;
				LD_RUNPATH_SEARCH_PATHS = (
					"$(inherited)",
					"@executable_path/Frameworks",
				);
				PRODUCT_BUNDLE_IDENTIFIER = com.greghughes.SwiftDelegateProtocol;
				PRODUCT_NAME = "$(TARGET_NAME)";
				SWIFT_VERSION = 5.0;
				TARGETED_DEVICE_FAMILY = "1,2";
			};
			name = Release;
		};
		9031242223E391760022BC20 /* Debug */ = {
			isa = XCBuildConfiguration;
			buildSettings = {
				ALWAYS_EMBED_SWIFT_STANDARD_LIBRARIES = YES;
				BUNDLE_LOADER = "$(TEST_HOST)";
				CODE_SIGN_STYLE = Automatic;
				DEVELOPMENT_TEAM = 57FTCZV5HS;
				INFOPLIST_FILE = SwiftDelegateProtocolTests/Info.plist;
				IPHONEOS_DEPLOYMENT_TARGET = 13.1;
				LD_RUNPATH_SEARCH_PATHS = (
					"$(inherited)",
					"@executable_path/Frameworks",
					"@loader_path/Frameworks",
				);
				PRODUCT_BUNDLE_IDENTIFIER = com.greghughes.SwiftDelegateProtocolTests;
				PRODUCT_NAME = "$(TARGET_NAME)";
				SWIFT_VERSION = 5.0;
				TARGETED_DEVICE_FAMILY = "1,2";
				TEST_HOST = "$(BUILT_PRODUCTS_DIR)/SwiftDelegateProtocol.app/SwiftDelegateProtocol";
			};
			name = Debug;
		};
		9031242323E391760022BC20 /* Release */ = {
			isa = XCBuildConfiguration;
			buildSettings = {
				ALWAYS_EMBED_SWIFT_STANDARD_LIBRARIES = YES;
				BUNDLE_LOADER = "$(TEST_HOST)";
				CODE_SIGN_STYLE = Automatic;
				DEVELOPMENT_TEAM = 57FTCZV5HS;
				INFOPLIST_FILE = SwiftDelegateProtocolTests/Info.plist;
				IPHONEOS_DEPLOYMENT_TARGET = 13.1;
				LD_RUNPATH_SEARCH_PATHS = (
					"$(inherited)",
					"@executable_path/Frameworks",
					"@loader_path/Frameworks",
				);
				PRODUCT_BUNDLE_IDENTIFIER = com.greghughes.SwiftDelegateProtocolTests;
				PRODUCT_NAME = "$(TARGET_NAME)";
				SWIFT_VERSION = 5.0;
				TARGETED_DEVICE_FAMILY = "1,2";
				TEST_HOST = "$(BUILT_PRODUCTS_DIR)/SwiftDelegateProtocol.app/SwiftDelegateProtocol";
			};
			name = Release;
		};
/* End XCBuildConfiguration section */

/* Begin XCConfigurationList section */
		903123FA23E391710022BC20 /* Build configuration list for PBXProject "SwiftDelegateProtocol" */ = {
			isa = XCConfigurationList;
			buildConfigurations = (
				9031241C23E391760022BC20 /* Debug */,
				9031241D23E391760022BC20 /* Release */,
			);
			defaultConfigurationIsVisible = 0;
			defaultConfigurationName = Release;
		};
		9031241E23E391760022BC20 /* Build configuration list for PBXNativeTarget "SwiftDelegateProtocol" */ = {
			isa = XCConfigurationList;
			buildConfigurations = (
				9031241F23E391760022BC20 /* Debug */,
				9031242023E391760022BC20 /* Release */,
			);
			defaultConfigurationIsVisible = 0;
			defaultConfigurationName = Release;
		};
		9031242123E391760022BC20 /* Build configuration list for PBXNativeTarget "SwiftDelegateProtocolTests" */ = {
			isa = XCConfigurationList;
			buildConfigurations = (
				9031242223E391760022BC20 /* Debug */,
				9031242323E391760022BC20 /* Release */,
			);
			defaultConfigurationIsVisible = 0;
			defaultConfigurationName = Release;
		};
/* End XCConfigurationList section */
	};
	rootObject = 903123F723E391710022BC20 /* Project object */;
}
